
Microsoft Visual Studio Solution File, Format Version 12.00
# Visual Studio 14
VisualStudioVersion = 14.0.25420.1
MinimumVisualStudioVersion = 10.0.40219.1
Project("{FAE04EC0-301F-11D3-BF4B-00C04F79EFBC}") = "DBMS_Version1", "DBMS_Version1\DBMS_Version1.csproj", "{F0EFFFAF-8BD3-430E-BC49-79CE3758C1CC}"
EndProject
Project("{FAE04EC0-301F-11D3-BF4B-00C04F79EFBC}") = "DataAccessLayer", "DataAccessLayer\DataAccessLayer.csproj", "{2BCD4F11-9407-492B-A919-371A33C2BB8A}"
EndProject
Project("{FAE04EC0-301F-11D3-BF4B-00C04F79EFBC}") = "BussinessLayer", "BussinessLayer\BussinessLayer.csproj", "{6989B81D-5227-4F10-9900-3F6D96F322C8}"
EndProject
Project("{FAE04EC0-301F-11D3-BF4B-00C04F79EFBC}") = "DataTransfer", "DataTransfer\DataTransfer.csproj", "{A06B1E17-6DE0-44B0-98C5-839AFE8E26B0}"
EndProject
Global
	GlobalSection(SolutionConfigurationPlatforms) = preSolution
		Debug|Any CPU = Debug|Any CPU
		Release|Any CPU = Release|Any CPU
	EndGlobalSection
	GlobalSection(ProjectConfigurationPlatforms) = postSolution
		{F0EFFFAF-8BD3-430E-BC49-79CE3758C1CC}.Debug|Any CPU.ActiveCfg = Debug|Any CPU
		{F0EFFFAF-8BD3-430E-BC49-79CE3758C1CC}.Debug|Any CPU.Build.0 = Debug|Any CPU
		{F0EFFFAF-8BD3-430E-BC49-79CE3758C1CC}.Release|Any CPU.ActiveCfg = Release|Any CPU
		{F0EFFFAF-8BD3-430E-BC49-79CE3758C1CC}.Release|Any CPU.Build.0 = Release|Any CPU
		{2BCD4F11-9407-492B-A919-371A33C2BB8A}.Debug|Any CPU.ActiveCfg = Debug|Any CPU
		{2BCD4F11-9407-492B-A919-371A33C2BB8A}.Debug|Any CPU.Build.0 = Debug|Any CPU
		{2BCD4F11-9407-492B-A919-371A33C2BB8A}.Release|Any CPU.ActiveCfg = Release|Any CPU
		{2BCD4F11-9407-492B-A919-371A33C2BB8A}.Release|Any CPU.Build.0 = Release|Any CPU
		{6989B81D-5227-4F10-9900-3F6D96F322C8}.Debug|Any CPU.ActiveCfg = Debug|Any CPU
		{6989B81D-5227-4F10-9900-3F6D96F322C8}.Debug|Any CPU.Build.0 = Debug|Any CPU
		{6989B81D-5227-4F10-9900-3F6D96F322C8}.Release|Any CPU.ActiveCfg = Release|Any CPU
		{6989B81D-5227-4F10-9900-3F6D96F322C8}.Release|Any CPU.Build.0 = Release|Any CPU
		{A06B1E17-6DE0-44B0-98C5-839AFE8E26B0}.Debug|Any CPU.ActiveCfg = Debug|Any CPU
		{A06B1E17-6DE0-44B0-98C5-839AFE8E26B0}.Debug|Any CPU.Build.0 = Debug|Any CPU
		{A06B1E17-6DE0-44B0-98C5-839AFE8E26B0}.Release|Any CPU.ActiveCfg = Release|Any CPU
		{A06B1E17-6DE0-44B0-98C5-839AFE8E26B0}.Release|Any CPU.Build.0 = Release|Any CPU
	EndGlobalSection
	GlobalSection(SolutionProperties) = preSolution
		HideSolutionNode = FALSE
	EndGlobalSection
EndGlobal
